
Microsoft Visual Studio Solution File, Format Version 12.00
# Visual Studio Version 16
VisualStudioVersion = 16.0.31205.134
MinimumVisualStudioVersion = 10.0.40219.1
Project("{8BC9CEB8-8B4A-11D0-8D11-00A0C91BC942}") = "InitC", "InitC\InitC.vcxproj", "{090CA607-38BC-478F-B404-F556FA405497}"
EndProject
Project("{8BC9CEB8-8B4A-11D0-8D11-00A0C91BC942}") = "Chart2", "Chart2\Chart2.vcxproj", "{5192EF4B-4178-4616-85F2-BBE4C5A76701}"
EndProject
Project("{8BC9CEB8-8B4A-11D0-8D11-00A0C91BC942}") = "Chart3", "Chart3\Chart3.vcxproj", "{7F953B22-ECDB-4EB8-961F-12005B96342C}"
EndProject
Project("{8BC9CEB8-8B4A-11D0-8D11-00A0C91BC942}") = "Chart4", "Chart4\Chart4.vcxproj", "{3CD835A8-81E4-4925-A56A-632C01CD4DD1}"
EndProject
Project("{8BC9CEB8-8B4A-11D0-8D11-00A0C91BC942}") = "Chart5", "Chart5\Chart5.vcxproj", "{2F3B6E7E-2F70-432F-B3B3-52AD2F501DCF}"
EndProject
Project("{8BC9CEB8-8B4A-11D0-8D11-00A0C91BC942}") = "Chart6", "Chart6\Chart6.vcxproj", "{DB8F0A9A-C9DD-4203-9948-90FD2FCFD62F}"
EndProject
Project("{8BC9CEB8-8B4A-11D0-8D11-00A0C91BC942}") = "Chart7", "Chart7\Chart7.vcxproj", "{236CF9BE-07C0-42BF-8B5F-2F5546E93952}"
EndProject
Project("{8BC9CEB8-8B4A-11D0-8D11-00A0C91BC942}") = "Chart8", "Chart8\Chart8.vcxproj", "{BD2623BD-0E8D-4EF4-9DCE-F00345F61DF4}"
EndProject
Project("{8BC9CEB8-8B4A-11D0-8D11-00A0C91BC942}") = "Chart9", "Chart9\Chart9.vcxproj", "{87027B11-F7F7-4DBD-94CF-05746A52AA6D}"
EndProject
Project("{8BC9CEB8-8B4A-11D0-8D11-00A0C91BC942}") = "Chart10", "Chart10\Chart10.vcxproj", "{39B5AE41-CB3D-49B4-9F7B-3EC88D93432B}"
EndProject
Project("{8BC9CEB8-8B4A-11D0-8D11-00A0C91BC942}") = "Chart11", "Chart11\Chart11.vcxproj", "{C0AE253E-E0CA-4887-916C-E61D300D1A88}"
EndProject
Project("{8BC9CEB8-8B4A-11D0-8D11-00A0C91BC942}") = "Chart12", "Chart12\Chart12.vcxproj", "{874970D9-0C9E-4097-A409-5BAEB3402B92}"
EndProject
Project("{8BC9CEB8-8B4A-11D0-8D11-00A0C91BC942}") = "Chart13", "Chart13\Chart13.vcxproj", "{617E2C38-3F9A-4624-BCFC-303C30E0CA8E}"
EndProject
Project("{8BC9CEB8-8B4A-11D0-8D11-00A0C91BC942}") = "Chart14", "Chart14\Chart14.vcxproj", "{2CB5FDEE-FA66-4E6E-9E2C-0238D088267F}"
EndProject
Project("{8BC9CEB8-8B4A-11D0-8D11-00A0C91BC942}") = "Chart15", "Chart15\Chart15.vcxproj", "{5A6E18F6-2CF5-4819-8EB3-9A1EC6C8B356}"
EndProject
Project("{8BC9CEB8-8B4A-11D0-8D11-00A0C91BC942}") = "Chart16", "Chart16-1.c\Chart16-1.c.vcxproj", "{6FB33520-AAB1-4366-83C3-E5C7A41A3B0A}"
EndProject
Global
	GlobalSection(SolutionConfigurationPlatforms) = preSolution
		Debug|x64 = Debug|x64
		Debug|x86 = Debug|x86
		Release|x64 = Release|x64
		Release|x86 = Release|x86
	EndGlobalSection
	GlobalSection(ProjectConfigurationPlatforms) = postSolution
		{090CA607-38BC-478F-B404-F556FA405497}.Debug|x64.ActiveCfg = Debug|x64
		{090CA607-38BC-478F-B404-F556FA405497}.Debug|x64.Build.0 = Debug|x64
		{090CA607-38BC-478F-B404-F556FA405497}.Debug|x86.ActiveCfg = Debug|Win32
		{090CA607-38BC-478F-B404-F556FA405497}.Debug|x86.Build.0 = Debug|Win32
		{090CA607-38BC-478F-B404-F556FA405497}.Release|x64.ActiveCfg = Release|x64
		{090CA607-38BC-478F-B404-F556FA405497}.Release|x64.Build.0 = Release|x64
		{090CA607-38BC-478F-B404-F556FA405497}.Release|x86.ActiveCfg = Release|Win32
		{090CA607-38BC-478F-B404-F556FA405497}.Release|x86.Build.0 = Release|Win32
		{5192EF4B-4178-4616-85F2-BBE4C5A76701}.Debug|x64.ActiveCfg = Debug|x64
		{5192EF4B-4178-4616-85F2-BBE4C5A76701}.Debug|x64.Build.0 = Debug|x64
		{5192EF4B-4178-4616-85F2-BBE4C5A76701}.Debug|x86.ActiveCfg = Debug|Win32
		{5192EF4B-4178-4616-85F2-BBE4C5A76701}.Debug|x86.Build.0 = Debug|Win32
		{5192EF4B-4178-4616-85F2-BBE4C5A76701}.Release|x64.ActiveCfg = Release|x64
		{5192EF4B-4178-4616-85F2-BBE4C5A76701}.Release|x64.Build.0 = Release|x64
		{5192EF4B-4178-4616-85F2-BBE4C5A76701}.Release|x86.ActiveCfg = Release|Win32
		{5192EF4B-4178-4616-85F2-BBE4C5A76701}.Release|x86.Build.0 = Release|Win32
		{7F953B22-ECDB-4EB8-961F-12005B96342C}.Debug|x64.ActiveCfg = Debug|x64
		{7F953B22-ECDB-4EB8-961F-12005B96342C}.Debug|x64.Build.0 = Debug|x64
		{7F953B22-ECDB-4EB8-961F-12005B96342C}.Debug|x86.ActiveCfg = Debug|Win32
		{7F953B22-ECDB-4EB8-961F-12005B96342C}.Debug|x86.Build.0 = Debug|Win32
		{7F953B22-ECDB-4EB8-961F-12005B96342C}.Release|x64.ActiveCfg = Release|x64
		{7F953B22-ECDB-4EB8-961F-12005B96342C}.Release|x64.Build.0 = Release|x64
		{7F953B22-ECDB-4EB8-961F-12005B96342C}.Release|x86.ActiveCfg = Release|Win32
		{7F953B22-ECDB-4EB8-961F-12005B96342C}.Release|x86.Build.0 = Release|Win32
		{3CD835A8-81E4-4925-A56A-632C01CD4DD1}.Debug|x64.ActiveCfg = Debug|x64
		{3CD835A8-81E4-4925-A56A-632C01CD4DD1}.Debug|x64.Build.0 = Debug|x64
		{3CD835A8-81E4-4925-A56A-632C01CD4DD1}.Debug|x86.ActiveCfg = Debug|Win32
		{3CD835A8-81E4-4925-A56A-632C01CD4DD1}.Debug|x86.Build.0 = Debug|Win32
		{3CD835A8-81E4-4925-A56A-632C01CD4DD1}.Release|x64.ActiveCfg = Release|x64
		{3CD835A8-81E4-4925-A56A-632C01CD4DD1}.Release|x64.Build.0 = Release|x64
		{3CD835A8-81E4-4925-A56A-632C01CD4DD1}.Release|x86.ActiveCfg = Release|Win32
		{3CD835A8-81E4-4925-A56A-632C01CD4DD1}.Release|x86.Build.0 = Release|Win32
		{2F3B6E7E-2F70-432F-B3B3-52AD2F501DCF}.Debug|x64.ActiveCfg = Debug|x64
		{2F3B6E7E-2F70-432F-B3B3-52AD2F501DCF}.Debug|x64.Build.0 = Debug|x64
		{2F3B6E7E-2F70-432F-B3B3-52AD2F501DCF}.Debug|x86.ActiveCfg = Debug|Win32
		{2F3B6E7E-2F70-432F-B3B3-52AD2F501DCF}.Debug|x86.Build.0 = Debug|Win32
		{2F3B6E7E-2F70-432F-B3B3-52AD2F501DCF}.Release|x64.ActiveCfg = Release|x64
		{2F3B6E7E-2F70-432F-B3B3-52AD2F501DCF}.Release|x64.Build.0 = Release|x64
		{2F3B6E7E-2F70-432F-B3B3-52AD2F501DCF}.Release|x86.ActiveCfg = Release|Win32
		{2F3B6E7E-2F70-432F-B3B3-52AD2F501DCF}.Release|x86.Build.0 = Release|Win32
		{DB8F0A9A-C9DD-4203-9948-90FD2FCFD62F}.Debug|x64.ActiveCfg = Debug|x64
		{DB8F0A9A-C9DD-4203-9948-90FD2FCFD62F}.Debug|x64.Build.0 = Debug|x64
		{DB8F0A9A-C9DD-4203-9948-90FD2FCFD62F}.Debug|x86.ActiveCfg = Debug|Win32
		{DB8F0A9A-C9DD-4203-9948-90FD2FCFD62F}.Debug|x86.Build.0 = Debug|Win32
		{DB8F0A9A-C9DD-4203-9948-90FD2FCFD62F}.Release|x64.ActiveCfg = Release|x64
		{DB8F0A9A-C9DD-4203-9948-90FD2FCFD62F}.Release|x64.Build.0 = Release|x64
		{DB8F0A9A-C9DD-4203-9948-90FD2FCFD62F}.Release|x86.ActiveCfg = Release|Win32
		{DB8F0A9A-C9DD-4203-9948-90FD2FCFD62F}.Release|x86.Build.0 = Release|Win32
		{236CF9BE-07C0-42BF-8B5F-2F5546E93952}.Debug|x64.ActiveCfg = Debug|x64
		{236CF9BE-07C0-42BF-8B5F-2F5546E93952}.Debug|x64.Build.0 = Debug|x64
		{236CF9BE-07C0-42BF-8B5F-2F5546E93952}.Debug|x86.ActiveCfg = Debug|Win32
		{236CF9BE-07C0-42BF-8B5F-2F5546E93952}.Debug|x86.Build.0 = Debug|Win32
		{236CF9BE-07C0-42BF-8B5F-2F5546E93952}.Release|x64.ActiveCfg = Release|x64
		{236CF9BE-07C0-42BF-8B5F-2F5546E93952}.Release|x64.Build.0 = Release|x64
		{236CF9BE-07C0-42BF-8B5F-2F5546E93952}.Release|x86.ActiveCfg = Release|Win32
		{236CF9BE-07C0-42BF-8B5F-2F5546E93952}.Release|x86.Build.0 = Release|Win32
		{BD2623BD-0E8D-4EF4-9DCE-F00345F61DF4}.Debug|x64.ActiveCfg = Debug|x64
		{BD2623BD-0E8D-4EF4-9DCE-F00345F61DF4}.Debug|x64.Build.0 = Debug|x64
		{BD2623BD-0E8D-4EF4-9DCE-F00345F61DF4}.Debug|x86.ActiveCfg = Debug|Win32
		{BD2623BD-0E8D-4EF4-9DCE-F00345F61DF4}.Debug|x86.Build.0 = Debug|Win32
		{BD2623BD-0E8D-4EF4-9DCE-F00345F61DF4}.Release|x64.ActiveCfg = Release|x64
		{BD2623BD-0E8D-4EF4-9DCE-F00345F61DF4}.Release|x64.Build.0 = Release|x64
		{BD2623BD-0E8D-4EF4-9DCE-F00345F61DF4}.Release|x86.ActiveCfg = Release|Win32
		{BD2623BD-0E8D-4EF4-9DCE-F00345F61DF4}.Release|x86.Build.0 = Release|Win32
		{87027B11-F7F7-4DBD-94CF-05746A52AA6D}.Debug|x64.ActiveCfg = Debug|x64
		{87027B11-F7F7-4DBD-94CF-05746A52AA6D}.Debug|x64.Build.0 = Debug|x64
		{87027B11-F7F7-4DBD-94CF-05746A52AA6D}.Debug|x86.ActiveCfg = Debug|Win32
		{87027B11-F7F7-4DBD-94CF-05746A52AA6D}.Debug|x86.Build.0 = Debug|Win32
		{87027B11-F7F7-4DBD-94CF-05746A52AA6D}.Release|x64.ActiveCfg = Release|x64
		{87027B11-F7F7-4DBD-94CF-05746A52AA6D}.Release|x64.Build.0 = Release|x64
		{87027B11-F7F7-4DBD-94CF-05746A52AA6D}.Release|x86.ActiveCfg = Release|Win32
		{87027B11-F7F7-4DBD-94CF-05746A52AA6D}.Release|x86.Build.0 = Release|Win32
		{39B5AE41-CB3D-49B4-9F7B-3EC88D93432B}.Debug|x64.ActiveCfg = Debug|x64
		{39B5AE41-CB3D-49B4-9F7B-3EC88D93432B}.Debug|x64.Build.0 = Debug|x64
		{39B5AE41-CB3D-49B4-9F7B-3EC88D93432B}.Debug|x86.ActiveCfg = Debug|Win32
		{39B5AE41-CB3D-49B4-9F7B-3EC88D93432B}.Debug|x86.Build.0 = Debug|Win32
		{39B5AE41-CB3D-49B4-9F7B-3EC88D93432B}.Release|x64.ActiveCfg = Release|x64
		{39B5AE41-CB3D-49B4-9F7B-3EC88D93432B}.Release|x64.Build.0 = Release|x64
		{39B5AE41-CB3D-49B4-9F7B-3EC88D93432B}.Release|x86.ActiveCfg = Release|Win32
		{39B5AE41-CB3D-49B4-9F7B-3EC88D93432B}.Release|x86.Build.0 = Release|Win32
		{C0AE253E-E0CA-4887-916C-E61D300D1A88}.Debug|x64.ActiveCfg = Debug|x64
		{C0AE253E-E0CA-4887-916C-E61D300D1A88}.Debug|x64.Build.0 = Debug|x64
		{C0AE253E-E0CA-4887-916C-E61D300D1A88}.Debug|x86.ActiveCfg = Debug|Win32
		{C0AE253E-E0CA-4887-916C-E61D300D1A88}.Debug|x86.Build.0 = Debug|Win32
		{C0AE253E-E0CA-4887-916C-E61D300D1A88}.Release|x64.ActiveCfg = Release|x64
		{C0AE253E-E0CA-4887-916C-E61D300D1A88}.Release|x64.Build.0 = Release|x64
		{C0AE253E-E0CA-4887-916C-E61D300D1A88}.Release|x86.ActiveCfg = Release|Win32
		{C0AE253E-E0CA-4887-916C-E61D300D1A88}.Release|x86.Build.0 = Release|Win32
		{874970D9-0C9E-4097-A409-5BAEB3402B92}.Debug|x64.ActiveCfg = Debug|x64
		{874970D9-0C9E-4097-A409-5BAEB3402B92}.Debug|x64.Build.0 = Debug|x64
		{874970D9-0C9E-4097-A409-5BAEB3402B92}.Debug|x86.ActiveCfg = Debug|Win32
		{874970D9-0C9E-4097-A409-5BAEB3402B92}.Debug|x86.Build.0 = Debug|Win32
		{874970D9-0C9E-4097-A409-5BAEB3402B92}.Release|x64.ActiveCfg = Release|x64
		{874970D9-0C9E-4097-A409-5BAEB3402B92}.Release|x64.Build.0 = Release|x64
		{874970D9-0C9E-4097-A409-5BAEB3402B92}.Release|x86.ActiveCfg = Release|Win32
		{874970D9-0C9E-4097-A409-5BAEB3402B92}.Release|x86.Build.0 = Release|Win32
		{617E2C38-3F9A-4624-BCFC-303C30E0CA8E}.Debug|x64.ActiveCfg = Debug|x64
		{617E2C38-3F9A-4624-BCFC-303C30E0CA8E}.Debug|x64.Build.0 = Debug|x64
		{617E2C38-3F9A-4624-BCFC-303C30E0CA8E}.Debug|x86.ActiveCfg = Debug|Win32
		{617E2C38-3F9A-4624-BCFC-303C30E0CA8E}.Debug|x86.Build.0 = Debug|Win32
		{617E2C38-3F9A-4624-BCFC-303C30E0CA8E}.Release|x64.ActiveCfg = Release|x64
		{617E2C38-3F9A-4624-BCFC-303C30E0CA8E}.Release|x64.Build.0 = Release|x64
		{617E2C38-3F9A-4624-BCFC-303C30E0CA8E}.Release|x86.ActiveCfg = Release|Win32
		{617E2C38-3F9A-4624-BCFC-303C30E0CA8E}.Release|x86.Build.0 = Release|Win32
		{2CB5FDEE-FA66-4E6E-9E2C-0238D088267F}.Debug|x64.ActiveCfg = Debug|x64
		{2CB5FDEE-FA66-4E6E-9E2C-0238D088267F}.Debug|x64.Build.0 = Debug|x64
		{2CB5FDEE-FA66-4E6E-9E2C-0238D088267F}.Debug|x86.ActiveCfg = Debug|Win32
		{2CB5FDEE-FA66-4E6E-9E2C-0238D088267F}.Debug|x86.Build.0 = Debug|Win32
		{2CB5FDEE-FA66-4E6E-9E2C-0238D088267F}.Release|x64.ActiveCfg = Release|x64
		{2CB5FDEE-FA66-4E6E-9E2C-0238D088267F}.Release|x64.Build.0 = Release|x64
		{2CB5FDEE-FA66-4E6E-9E2C-0238D088267F}.Release|x86.ActiveCfg = Release|Win32
		{2CB5FDEE-FA66-4E6E-9E2C-0238D088267F}.Release|x86.Build.0 = Release|Win32
		{5A6E18F6-2CF5-4819-8EB3-9A1EC6C8B356}.Debug|x64.ActiveCfg = Debug|x64
		{5A6E18F6-2CF5-4819-8EB3-9A1EC6C8B356}.Debug|x64.Build.0 = Debug|x64
		{5A6E18F6-2CF5-4819-8EB3-9A1EC6C8B356}.Debug|x86.ActiveCfg = Debug|Win32
		{5A6E18F6-2CF5-4819-8EB3-9A1EC6C8B356}.Debug|x86.Build.0 = Debug|Win32
		{5A6E18F6-2CF5-4819-8EB3-9A1EC6C8B356}.Release|x64.ActiveCfg = Release|x64
		{5A6E18F6-2CF5-4819-8EB3-9A1EC6C8B356}.Release|x64.Build.0 = Release|x64
		{5A6E18F6-2CF5-4819-8EB3-9A1EC6C8B356}.Release|x86.ActiveCfg = Release|Win32
		{5A6E18F6-2CF5-4819-8EB3-9A1EC6C8B356}.Release|x86.Build.0 = Release|Win32
		{6FB33520-AAB1-4366-83C3-E5C7A41A3B0A}.Debug|x64.ActiveCfg = Debug|x64
		{6FB33520-AAB1-4366-83C3-E5C7A41A3B0A}.Debug|x64.Build.0 = Debug|x64
		{6FB33520-AAB1-4366-83C3-E5C7A41A3B0A}.Debug|x86.ActiveCfg = Debug|Win32
		{6FB33520-AAB1-4366-83C3-E5C7A41A3B0A}.Debug|x86.Build.0 = Debug|Win32
		{6FB33520-AAB1-4366-83C3-E5C7A41A3B0A}.Release|x64.ActiveCfg = Release|x64
		{6FB33520-AAB1-4366-83C3-E5C7A41A3B0A}.Release|x64.Build.0 = Release|x64
		{6FB33520-AAB1-4366-83C3-E5C7A41A3B0A}.Release|x86.ActiveCfg = Release|Win32
		{6FB33520-AAB1-4366-83C3-E5C7A41A3B0A}.Release|x86.Build.0 = Release|Win32
	EndGlobalSection
	GlobalSection(SolutionProperties) = preSolution
		HideSolutionNode = FALSE
	EndGlobalSection
	GlobalSection(ExtensibilityGlobals) = postSolution
		SolutionGuid = {4B77F940-96BB-4AA3-BC36-C4A74D96E868}
	EndGlobalSection
EndGlobal
